
Microsoft Visual Studio Solution File, Format Version 12.00
# Visual Studio Version 17
VisualStudioVersion = 17.3.32825.248
MinimumVisualStudioVersion = 10.0.40219.1
Project("{9A19103F-16F7-4668-BE54-9A1E7A4F7556}") = "BookStoreApp.API", "BookStoreApp.API\BookStoreApp.API.csproj", "{E85321B3-5F4B-4DEF-BFBA-DF2B1D007FDD}"
EndProject
Global
	GlobalSection(SolutionConfigurationPlatforms) = preSolution
		Debug|Any CPU = Debug|Any CPU
		Release|Any CPU = Release|Any CPU
	EndGlobalSection
	GlobalSection(ProjectConfigurationPlatforms) = postSolution
		{E85321B3-5F4B-4DEF-BFBA-DF2B1D007FDD}.Debug|Any CPU.ActiveCfg = Debug|Any CPU
		{E85321B3-5F4B-4DEF-BFBA-DF2B1D007FDD}.Debug|Any CPU.Build.0 = Debug|Any CPU
		{E85321B3-5F4B-4DEF-BFBA-DF2B1D007FDD}.Release|Any CPU.ActiveCfg = Release|Any CPU
		{E85321B3-5F4B-4DEF-BFBA-DF2B1D007FDD}.Release|Any CPU.Build.0 = Release|Any CPU
	EndGlobalSection
	GlobalSection(SolutionProperties) = preSolution
		HideSolutionNode = FALSE
	EndGlobalSection
	GlobalSection(ExtensibilityGlobals) = postSolution
		SolutionGuid = {ED8B3648-F040-4E07-8B5E-734F13B26638}
	EndGlobalSection
EndGlobal
